
Microsoft Visual Studio Solution File, Format Version 12.00
# Visual Studio 15
VisualStudioVersion = 15.0.28307.1259
MinimumVisualStudioVersion = 10.0.40219.1
Project("{FAE04EC0-301F-11D3-BF4B-00C04F79EFBC}") = "PdfCreator", "PdfCreator\PdfCreator.csproj", "{36EF911B-09D8-4B75-8DB2-A702A39CF43F}"
EndProject
Global
	GlobalSection(SolutionConfigurationPlatforms) = preSolution
		Debug|Any CPU = Debug|Any CPU
		Release|Any CPU = Release|Any CPU
	EndGlobalSection
	GlobalSection(ProjectConfigurationPlatforms) = postSolution
		{36EF911B-09D8-4B75-8DB2-A702A39CF43F}.Debug|Any CPU.ActiveCfg = Debug|Any CPU
		{36EF911B-09D8-4B75-8DB2-A702A39CF43F}.Debug|Any CPU.Build.0 = Debug|Any CPU
		{36EF911B-09D8-4B75-8DB2-A702A39CF43F}.Release|Any CPU.ActiveCfg = Release|Any CPU
		{36EF911B-09D8-4B75-8DB2-A702A39CF43F}.Release|Any CPU.Build.0 = Release|Any CPU
	EndGlobalSection
	GlobalSection(SolutionProperties) = preSolution
		HideSolutionNode = FALSE
	EndGlobalSection
	GlobalSection(ExtensibilityGlobals) = postSolution
		SolutionGuid = {8D689B15-9CC9-4A2A-AB35-157507B85334}
	EndGlobalSection
EndGlobal
